{
  "name": "content-renamer",
  "version": "1.0.4",
  "lockfileVersion": 3,
  "requires": true,
  "packages": {
    "": {
      "name": "content-renamer",
      "version": "1.0.4",
      "license": "MIT",
      "dependencies": {
        "content-renamer": "^1.0.0",
        "exiftool-vendored": "^29.1.0",
        "haversine": "^1.1.1"
      },
      "bin": {
        "content-renamer": "bin/renamer.js"
      },
      "engines": {
        "node": ">=14.0.0"
      }
    },
    "node_modules/@photostructure/tz-lookup": {
      "version": "11.1.0",
      "resolved": "https://registry.npmjs.org/@photostructure/tz-lookup/-/tz-lookup-11.1.0.tgz",
      "integrity": "sha512-UywyhMwUdVU2aH5ls7EweTEyPpXbDkgC//Nnsm/lWfpae8WX3N33Yy0/aBmb/Pd9+qEtgcFMYTtN/Htb+cd0ZA==",
      "license": "CC0-1.0"
    },
    "node_modules/@types/luxon": {
      "version": "3.4.2",
      "resolved": "https://registry.npmjs.org/@types/luxon/-/luxon-3.4.2.tgz",
      "integrity": "sha512-TifLZlFudklWlMBfhubvgqTXRzLDI5pCbGa4P8a3wPyUQSW+1xQ5eDsreP9DWHX3tjq1ke96uYG/nwundroWcA==",
      "license": "MIT"
    },
    "node_modules/batch-cluster": {
      "version": "13.0.0",
      "resolved": "https://registry.npmjs.org/batch-cluster/-/batch-cluster-13.0.0.tgz",
      "integrity": "sha512-EreW0Vi8TwovhYUHBXXRA5tthuU2ynGsZFlboyMJHCCUXYa2AjgwnE3ubBOJs2xJLcuXFJbi6c/8pH5+FVj8Og==",
      "license": "MIT",
      "engines": {
        "node": ">=14"
      }
    },
    "node_modules/content-renamer": {
      "version": "1.0.0",
      "resolved": "https://registry.npmjs.org/content-renamer/-/content-renamer-1.0.0.tgz",
      "integrity": "sha512-KP3OHum6eGozCY5GlL4v/gH45W+qeDp59/ZC1TxsmuvPiI2eVtY02vWF5AfUfC1hLPGGFYDmUTqWcCaG3H65TA==",
      "license": "MIT",
      "dependencies": {
        "exiftool-vendored": "^29.1.0",
        "haversine": "^1.1.1"
      },
      "bin": {
        "content-renamer": "bin/renamer.js"
      },
      "engines": {
        "node": ">=14.0.0"
      }
    },
    "node_modules/exiftool-vendored": {
      "version": "29.1.0",
      "resolved": "https://registry.npmjs.org/exiftool-vendored/-/exiftool-vendored-29.1.0.tgz",
      "integrity": "sha512-wh5JXV6HGAkHJFj/MNnTokc6c7saZS+0/ixjO/q//YZVIlLHmdZW6zidFpj0acHP6cCkWzjCEpspLYkgOo2U7A==",
      "license": "MIT",
      "dependencies": {
        "@photostructure/tz-lookup": "^11.1.0",
        "@types/luxon": "^3.4.2",
        "batch-cluster": "^13.0.0",
        "he": "^1.2.0",
        "luxon": "^3.5.0"
      },
      "optionalDependencies": {
        "exiftool-vendored.exe": "13.17.0",
        "exiftool-vendored.pl": "13.17.0"
      }
    },
    "node_modules/exiftool-vendored.exe": {
      "version": "13.17.0",
      "resolved": "https://registry.npmjs.org/exiftool-vendored.exe/-/exiftool-vendored.exe-13.17.0.tgz",
      "integrity": "sha512-cXm3mTVgagHC0iDH6gsJ+l/V8JoQqO4ISt6t5xdLlqtA5kEBdDlp/Szle7LE4aPPTp7v38y14VCuAc5cgRduow==",
      "license": "MIT",
      "optional": true,
      "os": [
        "win32"
      ]
    },
    "node_modules/exiftool-vendored.pl": {
      "version": "13.17.0",
      "resolved": "https://registry.npmjs.org/exiftool-vendored.pl/-/exiftool-vendored.pl-13.17.0.tgz",
      "integrity": "sha512-HHR4vVghUAIYYYqQv5m3VfPXkM0e5/nqDKy9B0MtFNPUQT+ecWH5Ka/yKtroHCacqDpPLrBpSeHmY+IiH0CuKg==",
      "license": "MIT",
      "optional": true,
      "os": [
        "!win32"
      ]
    },
    "node_modules/haversine": {
      "version": "1.1.1",
      "resolved": "https://registry.npmjs.org/haversine/-/haversine-1.1.1.tgz",
      "integrity": "sha512-KW4MS8+krLIeiw8bF5z532CptG0ZyGGFj0UbKMxx25lKnnJ1hMUbuzQl+PXQjNiDLnl1bOyz23U6hSK10r4guw==",
      "license": "MIT"
    },
    "node_modules/he": {
      "version": "1.2.0",
      "resolved": "https://registry.npmjs.org/he/-/he-1.2.0.tgz",
      "integrity": "sha512-F/1DnUGPopORZi0ni+CvrCgHQ5FyEAHRLSApuYWMmrbSwoN2Mn/7k+Gl38gJnR7yyDZk6WLXwiGod1JOWNDKGw==",
      "license": "MIT",
      "bin": {
        "he": "bin/he"
      }
    },
    "node_modules/luxon": {
      "version": "3.5.0",
      "resolved": "https://registry.npmjs.org/luxon/-/luxon-3.5.0.tgz",
      "integrity": "sha512-rh+Zjr6DNfUYR3bPwJEnuwDdqMbxZW7LOQfUN4B54+Cl+0o5zaU9RJ6bcidfDtC1cWCZXQ+nvX8bf6bAji37QQ==",
      "license": "MIT",
      "engines": {
        "node": ">=12"
      }
    }
  }
}
